PODS:
  - AppCenter (4.3.0):
    - AppCenter/Analytics (= 4.3.0)
    - AppCenter/Crashes (= 4.3.0)
  - AppCenter/Analytics (4.3.0):
    - AppCenter/Core
  - AppCenter/Core (4.3.0)
  - AppCenter/Crashes (4.3.0):
    - AppCenter/Core

DEPENDENCIES:
  - AppCenter

SPEC REPOS:
  trunk:
    - AppCenter

SPEC CHECKSUMS:
  AppCenter: 883369ab78427b0561c688158d689dfe1f993ea9

PODFILE CHECKSUM: f60ee105c83e9b6cdb61b31c9e84f0a48b5cdc6c

COCOAPODS: 1.11.2
